
Microsoft Visual Studio Solution File, Format Version 12.00
# Visual Studio Version 17
VisualStudioVersion = 17.8.34309.116
MinimumVisualStudioVersion = 10.0.40219.1
Project("{FAE04EC0-301F-11D3-BF4B-00C04F79EFBC}") = "E-Commerce", "E-Commerce.csproj", "{4A0F59D7-4644-4B76-96BA-556B1C2FC152}"
EndProject
Global
	GlobalSection(SolutionConfigurationPlatforms) = preSolution
		Debug|Any CPU = Debug|Any CPU
		Release|Any CPU = Release|Any CPU
	EndGlobalSection
	GlobalSection(ProjectConfigurationPlatforms) = postSolution
		{4A0F59D7-4644-4B76-96BA-556B1C2FC152}.Debug|Any CPU.ActiveCfg = Debug|Any CPU
		{4A0F59D7-4644-4B76-96BA-556B1C2FC152}.Debug|Any CPU.Build.0 = Debug|Any CPU
		{4A0F59D7-4644-4B76-96BA-556B1C2FC152}.Release|Any CPU.ActiveCfg = Release|Any CPU
		{4A0F59D7-4644-4B76-96BA-556B1C2FC152}.Release|Any CPU.Build.0 = Release|Any CPU
	EndGlobalSection
	GlobalSection(SolutionProperties) = preSolution
		HideSolutionNode = FALSE
	EndGlobalSection
	GlobalSection(ExtensibilityGlobals) = postSolution
		SolutionGuid = {73345325-43E3-4E99-88A2-0364E42E0BBA}
	EndGlobalSection
EndGlobal
